
Microsoft Visual Studio Solution File, Format Version 12.00
# Visual Studio Version 16
VisualStudioVersion = 16.0.31025.194
MinimumVisualStudioVersion = 10.0.40219.1
Project("{9A19103F-16F7-4668-BE54-9A1E7A4F7556}") = "Backend", "Backend\Backend.csproj", "{91DD54E9-DE1B-4630-B4D6-02296B963A82}"
EndProject
Project("{9A19103F-16F7-4668-BE54-9A1E7A4F7556}") = "Frontend", "Frontend\Frontend.csproj", "{8F382C46-0569-4F6B-89F3-E65C1C96C7EF}"
EndProject
Project("{FAE04EC0-301F-11D3-BF4B-00C04F79EFBC}") = "LudoApiTests", "LudoApiTests\LudoApiTests.csproj", "{3E2F9CCD-721B-4908-ACA2-7C10E54BFD64}"
EndProject
Global
	GlobalSection(SolutionConfigurationPlatforms) = preSolution
		Debug|Any CPU = Debug|Any CPU
		Release|Any CPU = Release|Any CPU
	EndGlobalSection
	GlobalSection(ProjectConfigurationPlatforms) = postSolution
		{91DD54E9-DE1B-4630-B4D6-02296B963A82}.Debug|Any CPU.ActiveCfg = Debug|Any CPU
		{91DD54E9-DE1B-4630-B4D6-02296B963A82}.Debug|Any CPU.Build.0 = Debug|Any CPU
		{91DD54E9-DE1B-4630-B4D6-02296B963A82}.Release|Any CPU.ActiveCfg = Release|Any CPU
		{91DD54E9-DE1B-4630-B4D6-02296B963A82}.Release|Any CPU.Build.0 = Release|Any CPU
		{8F382C46-0569-4F6B-89F3-E65C1C96C7EF}.Debug|Any CPU.ActiveCfg = Debug|Any CPU
		{8F382C46-0569-4F6B-89F3-E65C1C96C7EF}.Debug|Any CPU.Build.0 = Debug|Any CPU
		{8F382C46-0569-4F6B-89F3-E65C1C96C7EF}.Release|Any CPU.ActiveCfg = Release|Any CPU
		{8F382C46-0569-4F6B-89F3-E65C1C96C7EF}.Release|Any CPU.Build.0 = Release|Any CPU
		{3E2F9CCD-721B-4908-ACA2-7C10E54BFD64}.Debug|Any CPU.ActiveCfg = Debug|Any CPU
		{3E2F9CCD-721B-4908-ACA2-7C10E54BFD64}.Debug|Any CPU.Build.0 = Debug|Any CPU
		{3E2F9CCD-721B-4908-ACA2-7C10E54BFD64}.Release|Any CPU.ActiveCfg = Release|Any CPU
		{3E2F9CCD-721B-4908-ACA2-7C10E54BFD64}.Release|Any CPU.Build.0 = Release|Any CPU
	EndGlobalSection
	GlobalSection(SolutionProperties) = preSolution
		HideSolutionNode = FALSE
	EndGlobalSection
	GlobalSection(ExtensibilityGlobals) = postSolution
		SolutionGuid = {34F12D85-AF57-426F-9F62-5277C1B6F0DA}
	EndGlobalSection
EndGlobal
